
Microsoft Visual Studio Solution File, Format Version 12.00
# Visual Studio Version 17
VisualStudioVersion = 17.13.35931.197
MinimumVisualStudioVersion = 10.0.40219.1
Project("{FAE04EC0-301F-11D3-BF4B-00C04F79EFBC}") = "Salario", "Salario\Salario.csproj", "{77652E93-330E-413B-AB48-5671A1AC1CC3}"
EndProject
Project("{FAE04EC0-301F-11D3-BF4B-00C04F79EFBC}") = "Combustivel", "Combustivel\Combustivel.csproj", "{5AF17417-5957-4914-B344-2762B40B823C}"
EndProject
Project("{FAE04EC0-301F-11D3-BF4B-00C04F79EFBC}") = "Cedulas", "Cedulas\Cedulas.csproj", "{F74B3CA9-0E0F-44CE-B98C-8248F9B3EFE0}"
EndProject
Project("{FAE04EC0-301F-11D3-BF4B-00C04F79EFBC}") = "BaltaRevisao", "BaltaRevisao\BaltaRevisao.csproj", "{62EB49DF-764E-4127-B8EF-5964A6AD60B2}"
EndProject
Project("{FAE04EC0-301F-11D3-BF4B-00C04F79EFBC}") = "gpt1", "gpt1\gpt1.csproj", "{B987B70D-E572-4958-9B08-E7C1AF47A5F8}"
EndProject
Project("{FAE04EC0-301F-11D3-BF4B-00C04F79EFBC}") = "gpt2", "gpt2\gpt2.csproj", "{D57817BE-3E89-494C-8477-89F63978A2EF}"
EndProject
Project("{FAE04EC0-301F-11D3-BF4B-00C04F79EFBC}") = "gpt3", "gpt3\gpt3.csproj", "{BF34906D-C4D2-416A-B586-2CA3EC93BC1B}"
EndProject
Project("{FAE04EC0-301F-11D3-BF4B-00C04F79EFBC}") = "gpt4", "gpt4\gpt4.csproj", "{3281DC77-2E79-4BBC-B2CD-5B79ABCF0841}"
EndProject
Project("{FAE04EC0-301F-11D3-BF4B-00C04F79EFBC}") = "gpt5", "gpt5\gpt5.csproj", "{BA7E4038-562A-43AA-9E3D-C7C34198CA2E}"
EndProject
Project("{FAE04EC0-301F-11D3-BF4B-00C04F79EFBC}") = "questao-matriz", "questao-matriz\questao-matriz.csproj", "{81D4F5A1-AD22-4E18-9E4B-AB4DACC7694A}"
EndProject
Global
	GlobalSection(SolutionConfigurationPlatforms) = preSolution
		Debug|Any CPU = Debug|Any CPU
		Release|Any CPU = Release|Any CPU
	EndGlobalSection
	GlobalSection(ProjectConfigurationPlatforms) = postSolution
		{77652E93-330E-413B-AB48-5671A1AC1CC3}.Debug|Any CPU.ActiveCfg = Debug|Any CPU
		{77652E93-330E-413B-AB48-5671A1AC1CC3}.Debug|Any CPU.Build.0 = Debug|Any CPU
		{77652E93-330E-413B-AB48-5671A1AC1CC3}.Release|Any CPU.ActiveCfg = Release|Any CPU
		{77652E93-330E-413B-AB48-5671A1AC1CC3}.Release|Any CPU.Build.0 = Release|Any CPU
		{5AF17417-5957-4914-B344-2762B40B823C}.Debug|Any CPU.ActiveCfg = Debug|Any CPU
		{5AF17417-5957-4914-B344-2762B40B823C}.Debug|Any CPU.Build.0 = Debug|Any CPU
		{5AF17417-5957-4914-B344-2762B40B823C}.Release|Any CPU.ActiveCfg = Release|Any CPU
		{5AF17417-5957-4914-B344-2762B40B823C}.Release|Any CPU.Build.0 = Release|Any CPU
		{F74B3CA9-0E0F-44CE-B98C-8248F9B3EFE0}.Debug|Any CPU.ActiveCfg = Debug|Any CPU
		{F74B3CA9-0E0F-44CE-B98C-8248F9B3EFE0}.Debug|Any CPU.Build.0 = Debug|Any CPU
		{F74B3CA9-0E0F-44CE-B98C-8248F9B3EFE0}.Release|Any CPU.ActiveCfg = Release|Any CPU
		{F74B3CA9-0E0F-44CE-B98C-8248F9B3EFE0}.Release|Any CPU.Build.0 = Release|Any CPU
		{62EB49DF-764E-4127-B8EF-5964A6AD60B2}.Debug|Any CPU.ActiveCfg = Debug|Any CPU
		{62EB49DF-764E-4127-B8EF-5964A6AD60B2}.Debug|Any CPU.Build.0 = Debug|Any CPU
		{62EB49DF-764E-4127-B8EF-5964A6AD60B2}.Release|Any CPU.ActiveCfg = Release|Any CPU
		{62EB49DF-764E-4127-B8EF-5964A6AD60B2}.Release|Any CPU.Build.0 = Release|Any CPU
		{B987B70D-E572-4958-9B08-E7C1AF47A5F8}.Debug|Any CPU.ActiveCfg = Debug|Any CPU
		{B987B70D-E572-4958-9B08-E7C1AF47A5F8}.Debug|Any CPU.Build.0 = Debug|Any CPU
		{B987B70D-E572-4958-9B08-E7C1AF47A5F8}.Release|Any CPU.ActiveCfg = Release|Any CPU
		{B987B70D-E572-4958-9B08-E7C1AF47A5F8}.Release|Any CPU.Build.0 = Release|Any CPU
		{D57817BE-3E89-494C-8477-89F63978A2EF}.Debug|Any CPU.ActiveCfg = Debug|Any CPU
		{D57817BE-3E89-494C-8477-89F63978A2EF}.Debug|Any CPU.Build.0 = Debug|Any CPU
		{D57817BE-3E89-494C-8477-89F63978A2EF}.Release|Any CPU.ActiveCfg = Release|Any CPU
		{D57817BE-3E89-494C-8477-89F63978A2EF}.Release|Any CPU.Build.0 = Release|Any CPU
		{BF34906D-C4D2-416A-B586-2CA3EC93BC1B}.Debug|Any CPU.ActiveCfg = Debug|Any CPU
		{BF34906D-C4D2-416A-B586-2CA3EC93BC1B}.Debug|Any CPU.Build.0 = Debug|Any CPU
		{BF34906D-C4D2-416A-B586-2CA3EC93BC1B}.Release|Any CPU.ActiveCfg = Release|Any CPU
		{BF34906D-C4D2-416A-B586-2CA3EC93BC1B}.Release|Any CPU.Build.0 = Release|Any CPU
		{3281DC77-2E79-4BBC-B2CD-5B79ABCF0841}.Debug|Any CPU.ActiveCfg = Debug|Any CPU
		{3281DC77-2E79-4BBC-B2CD-5B79ABCF0841}.Debug|Any CPU.Build.0 = Debug|Any CPU
		{3281DC77-2E79-4BBC-B2CD-5B79ABCF0841}.Release|Any CPU.ActiveCfg = Release|Any CPU
		{3281DC77-2E79-4BBC-B2CD-5B79ABCF0841}.Release|Any CPU.Build.0 = Release|Any CPU
		{BA7E4038-562A-43AA-9E3D-C7C34198CA2E}.Debug|Any CPU.ActiveCfg = Debug|Any CPU
		{BA7E4038-562A-43AA-9E3D-C7C34198CA2E}.Debug|Any CPU.Build.0 = Debug|Any CPU
		{BA7E4038-562A-43AA-9E3D-C7C34198CA2E}.Release|Any CPU.ActiveCfg = Release|Any CPU
		{BA7E4038-562A-43AA-9E3D-C7C34198CA2E}.Release|Any CPU.Build.0 = Release|Any CPU
		{81D4F5A1-AD22-4E18-9E4B-AB4DACC7694A}.Debug|Any CPU.ActiveCfg = Debug|Any CPU
		{81D4F5A1-AD22-4E18-9E4B-AB4DACC7694A}.Debug|Any CPU.Build.0 = Debug|Any CPU
		{81D4F5A1-AD22-4E18-9E4B-AB4DACC7694A}.Release|Any CPU.ActiveCfg = Release|Any CPU
		{81D4F5A1-AD22-4E18-9E4B-AB4DACC7694A}.Release|Any CPU.Build.0 = Release|Any CPU
	EndGlobalSection
	GlobalSection(SolutionProperties) = preSolution
		HideSolutionNode = FALSE
	EndGlobalSection
	GlobalSection(ExtensibilityGlobals) = postSolution
		SolutionGuid = {2D916BBB-1A40-4406-B4CE-CFA60EE05B9F}
	EndGlobalSection
EndGlobal
